<?xml version="1.0" encoding="utf-8"?>
<Project ToolsVersion="4.0" xmlns="http://schemas.microsoft.com/developer/msbuild/2003">
  <ItemGroup>
    <Filter Include="소스 파일">
      <UniqueIdentifier>{4FC737F1-C7A5-4376-A066-2A32D752A2FF}</UniqueIdentifier>
      <Extensions>cpp;c;cc;cxx;c++;cppm;ixx;def;odl;idl;hpj;bat;asm;asmx</Extensions>
    </Filter>
    <Filter Include="헤더 파일">
      <UniqueIdentifier>{93995380-89BD-4b04-88EB-625FBE52EBFB}</UniqueIdentifier>
      <Extensions>h;hh;hpp;hxx;h++;hm;inl;inc;ipp;xsd</Extensions>
    </Filter>
    <Filter Include="리소스 파일">
      <UniqueIdentifier>{67DA6AB6-F800-4c08-8B7A-83BB121AAD01}</UniqueIdentifier>
      <Extensions>rc;ico;cur;bmp;dlg;rc2;rct;bin;rgs;gif;jpg;jpeg;jpe;resx;tiff;tif;png;wav;mfcribbon-ms</Extensions>
    </Filter>
  </ItemGroup>
  <ItemGroup>
    <ClCompile Include="EnvironmentData.cpp">
      <Filter>소스 파일</Filter>
    </ClCompile>
    <ClCompile Include="main.cpp">
      <Filter>소스 파일</Filter>
    </ClCompile>
    <ClCompile Include="RainSensor.cpp">
      <Filter>소스 파일</Filter>
    </ClCompile>
    <ClCompile Include="RainyDayScenario.cpp">
      <Filter>소스 파일</Filter>
    </ClCompile>
    <ClCompile Include="SimulationEnvironment.cpp">
      <Filter>소스 파일</Filter>
    </ClCompile>
    <ClCompile Include="SpeedSensor.cpp">
      <Filter>소스 파일</Filter>
    </ClCompile>
    <ClCompile Include="WiperActuator.cpp">
      <Filter>소스 파일</Filter>
    </ClCompile>
    <ClCompile Include="WiperController.cpp">
      <Filter>소스 파일</Filter>
    </ClCompile>
    <ClCompile Include="RainSensorValueChangedEvent.h">
      <Filter>헤더 파일</Filter>
    </ClCompile>
  </ItemGroup>
  <ItemGroup>
    <ClInclude Include="EnvironmentData.h">
      <Filter>헤더 파일</Filter>
    </ClInclude>
    <ClInclude Include="EventEmitter.hpp">
      <Filter>헤더 파일</Filter>
    </ClInclude>
    <ClInclude Include="IActuator.h">
      <Filter>헤더 파일</Filter>
    </ClInclude>
    <ClInclude Include="IController.h">
      <Filter>헤더 파일</Filter>
    </ClInclude>
    <ClInclude Include="IEnvironment.h">
      <Filter>헤더 파일</Filter>
    </ClInclude>
    <ClInclude Include="IEventListener.h">
      <Filter>헤더 파일</Filter>
    </ClInclude>
    <ClInclude Include="IScenario.h">
      <Filter>헤더 파일</Filter>
    </ClInclude>
    <ClInclude Include="ISensor.h">
      <Filter>헤더 파일</Filter>
    </ClInclude>
    <ClInclude Include="RainSensor.h">
      <Filter>헤더 파일</Filter>
    </ClInclude>
    <ClInclude Include="RainyDayScenario.h">
      <Filter>헤더 파일</Filter>
    </ClInclude>
    <ClInclude Include="SensorType.h">
      <Filter>헤더 파일</Filter>
    </ClInclude>
    <ClInclude Include="SimulationEnvironment.h">
      <Filter>헤더 파일</Filter>
    </ClInclude>
    <ClInclude Include="SpeedSensor.h">
      <Filter>헤더 파일</Filter>
    </ClInclude>
    <ClInclude Include="WiperActuator.h">
      <Filter>헤더 파일</Filter>
    </ClInclude>
    <ClInclude Include="WiperController.h">
      <Filter>헤더 파일</Filter>
    </ClInclude>
    <ClInclude Include="WiperSpeed.h">
      <Filter>헤더 파일</Filter>
    </ClInclude>
    <ClInclude Include="SpeedSensorValueChangedEvent.h">
      <Filter>헤더 파일</Filter>
    </ClInclude>
  </ItemGroup>
</Project>